lockfileVersion: '6.0'

settings:
  autoInstallPeers: true
  excludeLinksFromLockfile: false

dependencies:
  '@picocss/pico':
    specifier: ^2.1.1
    version: 2.1.1
  htmx.org:
    specifier: ^2.0.8
    version: 2.0.8

packages:

  /@picocss/pico@2.1.1:
    resolution: {integrity: sha512-kIDugA7Ps4U+2BHxiNHmvgPIQDWPDU4IeU6TNRdvXQM1uZX+FibqDQT2xUOnnO2yq/LUHcwnGlu1hvf4KfXnMg==}
    dev: false

  /htmx.org@2.0.8:
    resolution: {integrity: sha512-fm297iru0iWsNJlBrjvtN7V9zjaxd+69Oqjh4F/Vq9Wwi2kFisLcrLCiv5oBX0KLfOX/zG8AUo9ROMU5XUB44Q==}
    dev: false
